
Microsoft Visual Studio Solution File, Format Version 11.00
# Visual Studio 2010
Project("{FAE04EC0-301F-11D3-BF4B-00C04F79EFBC}") = "Warehousing", "Warehousing\Warehousing.csproj", "{C05FC250-7FA9-4FE3-986F-99DE6273538D}"
EndProject
Project("{FAE04EC0-301F-11D3-BF4B-00C04F79EFBC}") = "Model", "Model\Model.csproj", "{A2C00C62-FA01-4EDA-8C4D-2B9DA676CF24}"
EndProject
Global
	GlobalSection(SolutionConfigurationPlatforms) = preSolution
		Debug|Any CPU = Debug|Any CPU
		Release|Any CPU = Release|Any CPU
	EndGlobalSection
	GlobalSection(ProjectConfigurationPlatforms) = postSolution
		{C05FC250-7FA9-4FE3-986F-99DE6273538D}.Debug|Any CPU.ActiveCfg = Debug|Any CPU
		{C05FC250-7FA9-4FE3-986F-99DE6273538D}.Debug|Any CPU.Build.0 = Debug|Any CPU
		{C05FC250-7FA9-4FE3-986F-99DE6273538D}.Release|Any CPU.ActiveCfg = Release|Any CPU
		{C05FC250-7FA9-4FE3-986F-99DE6273538D}.Release|Any CPU.Build.0 = Release|Any CPU
		{A2C00C62-FA01-4EDA-8C4D-2B9DA676CF24}.Debug|Any CPU.ActiveCfg = Debug|Any CPU
		{A2C00C62-FA01-4EDA-8C4D-2B9DA676CF24}.Debug|Any CPU.Build.0 = Debug|Any CPU
		{A2C00C62-FA01-4EDA-8C4D-2B9DA676CF24}.Release|Any CPU.ActiveCfg = Release|Any CPU
		{A2C00C62-FA01-4EDA-8C4D-2B9DA676CF24}.Release|Any CPU.Build.0 = Release|Any CPU
	EndGlobalSection
	GlobalSection(SolutionProperties) = preSolution
		HideSolutionNode = FALSE
	EndGlobalSection
EndGlobal
